Microsoft Visual Studio Solution File, Format Version 11.00
# Visual Studio 2008

Project("{68627977-C101-2624-45FD-6E70DB7987B6}") = "AR - Copy - Copy", "Assembly-CSharp.csproj", "{66B0D4DC-C42C-E450-CC44-CE91B2A71FF8}"
EndProject
Project("{68627977-C101-2624-45FD-6E70DB7987B6}") = "AR - Copy - Copy", "Assembly-CSharp-Editor.csproj", "{2E9465F8-549B-40C3-2125-8872B9897031}"
EndProject
Project("{68627977-C101-2624-45FD-6E70DB7987B6}") = "AR - Copy - Copy", "Assembly-UnityScript-Editor-firstpass.unityproj", "{A56C7634-BE78-A3EF-E72A-98743E87B298}"
EndProject
Global
	GlobalSection(SolutionConfigurationPlatforms) = preSolution
		Debug|Any CPU = Debug|Any CPU
		Release|Any CPU = Release|Any CPU
	EndGlobalSection
	GlobalSection(ProjectConfigurationPlatforms) = postSolution
		{66B0D4DC-C42C-E450-CC44-CE91B2A71FF8}.Debug|Any CPU.ActiveCfg = Debug|Any CPU
		{66B0D4DC-C42C-E450-CC44-CE91B2A71FF8}.Debug|Any CPU.Build.0 = Debug|Any CPU
		{66B0D4DC-C42C-E450-CC44-CE91B2A71FF8}.Release|Any CPU.ActiveCfg = Release|Any CPU
		{66B0D4DC-C42C-E450-CC44-CE91B2A71FF8}.Release|Any CPU.Build.0 = Release|Any CPU
		{2E9465F8-549B-40C3-2125-8872B9897031}.Debug|Any CPU.ActiveCfg = Debug|Any CPU
		{2E9465F8-549B-40C3-2125-8872B9897031}.Debug|Any CPU.Build.0 = Debug|Any CPU
		{2E9465F8-549B-40C3-2125-8872B9897031}.Release|Any CPU.ActiveCfg = Release|Any CPU
		{2E9465F8-549B-40C3-2125-8872B9897031}.Release|Any CPU.Build.0 = Release|Any CPU
		{A56C7634-BE78-A3EF-E72A-98743E87B298}.Debug|Any CPU.ActiveCfg = Debug|Any CPU
		{A56C7634-BE78-A3EF-E72A-98743E87B298}.Debug|Any CPU.Build.0 = Debug|Any CPU
		{A56C7634-BE78-A3EF-E72A-98743E87B298}.Release|Any CPU.ActiveCfg = Release|Any CPU
		{A56C7634-BE78-A3EF-E72A-98743E87B298}.Release|Any CPU.Build.0 = Release|Any CPU
	EndGlobalSection
	GlobalSection(SolutionProperties) = preSolution
		HideSolutionNode = FALSE
	EndGlobalSection
	GlobalSection(MonoDevelopProperties) = preSolution
		StartupItem = Assembly-CSharp.csproj
	EndGlobalSection
EndGlobal
