Microsoft Visual Studio Solution File, Format Version 11.00
# Visual Studio 2008

Project("{59C40F21-952C-5E1A-2840-022484A86E2D}") = "ARnOCR", "Assembly-CSharp.csproj", "{DA33ABB1-4C79-C64A-65A0-BEA104ABE055}"
EndProject
Project("{59C40F21-952C-5E1A-2840-022484A86E2D}") = "ARnOCR", "Assembly-CSharp-Editor.csproj", "{51A07F19-01EB-9959-0507-CD849ABBA5DF}"
EndProject
Project("{59C40F21-952C-5E1A-2840-022484A86E2D}") = "ARnOCR", "Assembly-UnityScript-Editor-firstpass.unityproj", "{2420F1FE-23DC-FF79-A8D7-606717084DF5}"
EndProject
Global
	GlobalSection(SolutionConfigurationPlatforms) = preSolution
		Debug|Any CPU = Debug|Any CPU
		Release|Any CPU = Release|Any CPU
	EndGlobalSection
	GlobalSection(ProjectConfigurationPlatforms) = postSolution
		{DA33ABB1-4C79-C64A-65A0-BEA104ABE055}.Debug|Any CPU.ActiveCfg = Debug|Any CPU
		{DA33ABB1-4C79-C64A-65A0-BEA104ABE055}.Debug|Any CPU.Build.0 = Debug|Any CPU
		{DA33ABB1-4C79-C64A-65A0-BEA104ABE055}.Release|Any CPU.ActiveCfg = Release|Any CPU
		{DA33ABB1-4C79-C64A-65A0-BEA104ABE055}.Release|Any CPU.Build.0 = Release|Any CPU
		{51A07F19-01EB-9959-0507-CD849ABBA5DF}.Debug|Any CPU.ActiveCfg = Debug|Any CPU
		{51A07F19-01EB-9959-0507-CD849ABBA5DF}.Debug|Any CPU.Build.0 = Debug|Any CPU
		{51A07F19-01EB-9959-0507-CD849ABBA5DF}.Release|Any CPU.ActiveCfg = Release|Any CPU
		{51A07F19-01EB-9959-0507-CD849ABBA5DF}.Release|Any CPU.Build.0 = Release|Any CPU
		{2420F1FE-23DC-FF79-A8D7-606717084DF5}.Debug|Any CPU.ActiveCfg = Debug|Any CPU
		{2420F1FE-23DC-FF79-A8D7-606717084DF5}.Debug|Any CPU.Build.0 = Debug|Any CPU
		{2420F1FE-23DC-FF79-A8D7-606717084DF5}.Release|Any CPU.ActiveCfg = Release|Any CPU
		{2420F1FE-23DC-FF79-A8D7-606717084DF5}.Release|Any CPU.Build.0 = Release|Any CPU
	EndGlobalSection
	GlobalSection(SolutionProperties) = preSolution
		HideSolutionNode = FALSE
	EndGlobalSection
	GlobalSection(MonoDevelopProperties) = preSolution
		StartupItem = Assembly-CSharp.csproj
	EndGlobalSection
EndGlobal
